
Microsoft Visual Studio Solution File, Format Version 12.00
# Visual Studio Version 16
VisualStudioVersion = 16.0.31129.286
MinimumVisualStudioVersion = 10.0.40219.1
Project("{00D1A9C2-B5F0-4AF3-8072-F6C62B433612}") = "dbCrosslink22", "dbCrosslink22\dbCrosslink22.sqlproj", "{93903BC0-E84A-4FB7-90EE-F507F88EE0D6}"
EndProject
Global
	GlobalSection(SolutionConfigurationPlatforms) = preSolution
		Debug|Any CPU = Debug|Any CPU
		Release|Any CPU = Release|Any CPU
	EndGlobalSection
	GlobalSection(ProjectConfigurationPlatforms) = postSolution
		{93903BC0-E84A-4FB7-90EE-F507F88EE0D6}.Debug|Any CPU.ActiveCfg = Debug|Any CPU
		{93903BC0-E84A-4FB7-90EE-F507F88EE0D6}.Debug|Any CPU.Build.0 = Debug|Any CPU
		{93903BC0-E84A-4FB7-90EE-F507F88EE0D6}.Debug|Any CPU.Deploy.0 = Debug|Any CPU
		{93903BC0-E84A-4FB7-90EE-F507F88EE0D6}.Release|Any CPU.ActiveCfg = Release|Any CPU
		{93903BC0-E84A-4FB7-90EE-F507F88EE0D6}.Release|Any CPU.Build.0 = Release|Any CPU
		{93903BC0-E84A-4FB7-90EE-F507F88EE0D6}.Release|Any CPU.Deploy.0 = Release|Any CPU
	EndGlobalSection
	GlobalSection(SolutionProperties) = preSolution
		HideSolutionNode = FALSE
	EndGlobalSection
	GlobalSection(ExtensibilityGlobals) = postSolution
		SolutionGuid = {C54A02E1-BE56-47BB-88FA-8197B7028E8F}
	EndGlobalSection
EndGlobal
